
Microsoft Visual Studio Solution File, Format Version 12.00
# Visual Studio Version 17
VisualStudioVersion = 17.0.31903.59
MinimumVisualStudioVersion = 10.0.40219.1
Project("{FAE04EC0-301F-11D3-BF4B-00C04F79EFBC}") = "API", "API\API.csproj", "{9332A351-9101-4F64-BD98-116AF8815741}"
EndProject
Project("{FAE04EC0-301F-11D3-BF4B-00C04F79EFBC}") = "Tests", "Tests\Tests.csproj", "{AC5D864C-6BAE-4779-BD95-8FB4EC65CB3F}"
EndProject
Project("{FAE04EC0-301F-11D3-BF4B-00C04F79EFBC}") = "Common", "Common\Common.csproj", "{AC7B7453-CAEC-4D40-AB0D-BBE15B16505A}"
EndProject
Global
	GlobalSection(SolutionConfigurationPlatforms) = preSolution
		Debug|Any CPU = Debug|Any CPU
		Release|Any CPU = Release|Any CPU
	EndGlobalSection
	GlobalSection(SolutionProperties) = preSolution
		HideSolutionNode = FALSE
	EndGlobalSection
	GlobalSection(ProjectConfigurationPlatforms) = postSolution
		{9332A351-9101-4F64-BD98-116AF8815741}.Debug|Any CPU.ActiveCfg = Debug|Any CPU
		{9332A351-9101-4F64-BD98-116AF8815741}.Debug|Any CPU.Build.0 = Debug|Any CPU
		{9332A351-9101-4F64-BD98-116AF8815741}.Release|Any CPU.ActiveCfg = Release|Any CPU
		{9332A351-9101-4F64-BD98-116AF8815741}.Release|Any CPU.Build.0 = Release|Any CPU
		{AC5D864C-6BAE-4779-BD95-8FB4EC65CB3F}.Debug|Any CPU.ActiveCfg = Debug|Any CPU
		{AC5D864C-6BAE-4779-BD95-8FB4EC65CB3F}.Debug|Any CPU.Build.0 = Debug|Any CPU
		{AC5D864C-6BAE-4779-BD95-8FB4EC65CB3F}.Release|Any CPU.ActiveCfg = Release|Any CPU
		{AC5D864C-6BAE-4779-BD95-8FB4EC65CB3F}.Release|Any CPU.Build.0 = Release|Any CPU
		{AC7B7453-CAEC-4D40-AB0D-BBE15B16505A}.Debug|Any CPU.ActiveCfg = Debug|Any CPU
		{AC7B7453-CAEC-4D40-AB0D-BBE15B16505A}.Debug|Any CPU.Build.0 = Debug|Any CPU
		{AC7B7453-CAEC-4D40-AB0D-BBE15B16505A}.Release|Any CPU.ActiveCfg = Release|Any CPU
		{AC7B7453-CAEC-4D40-AB0D-BBE15B16505A}.Release|Any CPU.Build.0 = Release|Any CPU
	EndGlobalSection
EndGlobal
